// !$*UTF8*$!
{
	archiveVersion = 1;
	classes = {
	};
	objectVersion = 46;
	objects = {

/* Begin PBXBuildFile section */
		881096DF1C47A01900A99726 /* PKShortVideoViewController.m in Sources */ = {isa = PBXBuildFile; fileRef = 881096DE1C47A01900A99726 /* PKShortVideoViewController.m */; };
		881096E21C47A86B00A99726 /* PKShortVideoWriter.m in Sources */ = {isa = PBXBuildFile; fileRef = 881096E11C47A86B00A99726 /* PKShortVideoWriter.m */; };
		881828C11C4CCAF900E9C51B /* IDAssetWriterCoordinator.m in Sources */ = {isa = PBXBuildFile; fileRef = 881828C01C4CCAF900E9C51B /* IDAssetWriterCoordinator.m */; };
		88297F8E1C4CE8E30059A7B1 /* PKUtiltiies.m in Sources */ = {isa = PBXBuildFile; fileRef = 88297F8D1C4CE8E30059A7B1 /* PKUtiltiies.m */; };
		88382D3A1C48C73E00AB8709 /* PKShortVideoProgressBar.m in Sources */ = {isa = PBXBuildFile; fileRef = 88382D391C48C73E00AB8709 /* PKShortVideoProgressBar.m */; };
		88AA24AB1C465AF0001B629F /* main.m in Sources */ = {isa = PBXBuildFile; fileRef = 88AA24AA1C465AF0001B629F /* main.m */; };
		88AA24AE1C465AF0001B629F /* AppDelegate.m in Sources */ = {isa = PBXBuildFile; fileRef = 88AA24AD1C465AF0001B629F /* AppDelegate.m */; };
		88AA24B11C465AF0001B629F /* ViewController.m in Sources */ = {isa = PBXBuildFile; fileRef = 88AA24B01C465AF0001B629F /* ViewController.m */; };
		88AA24B41C465AF0001B629F /* Main.storyboard in Resources */ = {isa = PBXBuildFile; fileRef = 88AA24B21C465AF0001B629F /* Main.storyboard */; };
		88AA24B61C465AF0001B629F /* Assets.xcassets in Resources */ = {isa = PBXBuildFile; fileRef = 88AA24B51C465AF0001B629F /* Assets.xcassets */; };
		88AA24B91C465AF0001B629F /* LaunchScreen.storyboard in Resources */ = {isa = PBXBuildFile; fileRef = 88AA24B71C465AF0001B629F /* LaunchScreen.storyboard */; };
		88AA24C41C465AF0001B629F /* DevelopWriterDemoTests.m in Sources */ = {isa = PBXBuildFile; fileRef = 88AA24C31C465AF0001B629F /* DevelopWriterDemoTests.m */; };
		88AA24CF1C465AF0001B629F /* DevelopWriterDemoUITests.m in Sources */ = {isa = PBXBuildFile; fileRef = 88AA24CE1C465AF0001B629F /* DevelopWriterDemoUITests.m */; };
/* End PBXBuildFile section */

/* Begin PBXContainerItemProxy section */
		88AA24C01C465AF0001B629F /* PBXContainerItemProxy */ = {
			isa = PBXContainerItemProxy;
			containerPortal = 88AA249E1C465AF0001B629F /* Project object */;
			proxyType = 1;
			remoteGlobalIDString = 88AA24A51C465AF0001B629F;
			remoteInfo = DevelopWriterDemo;
		};
		88AA24CB1C465AF0001B629F /* PBXContainerItemProxy */ = {
			isa = PBXContainerItemProxy;
			containerPortal = 88AA249E1C465AF0001B629F /* Project object */;
			proxyType = 1;
			remoteGlobalIDString = 88AA24A51C465AF0001B629F;
			remoteInfo = DevelopWriterDemo;
		};
/* End PBXContainerItemProxy section */

/* Begin PBXFileReference section */
		881096DD1C47A01900A99726 /* PKShortVideoViewController.h */ = {isa = PBXFileReference; fileEncoding = 4; lastKnownFileType = sourcecode.c.h; name = PKShortVideoViewController.h; path = PKShortVideoWriter/PKShortVideoViewController.h; sourceTree = "<group>"; };
		881096DE1C47A01900A99726 /* PKShortVideoViewController.m */ = {isa = PBXFileReference; fileEncoding = 4; lastKnownFileType = sourcecode.c.objc; name = PKShortVideoViewController.m; path = PKShortVideoWriter/PKShortVideoViewController.m; sourceTree = "<group>"; };
		881096E01C47A86B00A99726 /* PKShortVideoWriter.h */ = {isa = PBXFileReference; fileEncoding = 4; lastKnownFileType = sourcecode.c.h; name = PKShortVideoWriter.h; path = PKShortVideoWriter/PKShortVideoWriter.h; sourceTree = "<group>"; };
		881096E11C47A86B00A99726 /* PKShortVideoWriter.m */ = {isa = PBXFileReference; fileEncoding = 4; lastKnownFileType = sourcecode.c.objc; name = PKShortVideoWriter.m; path = PKShortVideoWriter/PKShortVideoWriter.m; sourceTree = "<group>"; };
		881828BF1C4CCAF900E9C51B /* IDAssetWriterCoordinator.h */ = {isa = PBXFileReference; fileEncoding = 4; lastKnownFileType = sourcecode.c.h; name = IDAssetWriterCoordinator.h; path = PKShortVideoWriter/IDAssetWriterCoordinator.h; sourceTree = "<group>"; };
		881828C01C4CCAF900E9C51B /* IDAssetWriterCoordinator.m */ = {isa = PBXFileReference; fileEncoding = 4; lastKnownFileType = sourcecode.c.objc; name = IDAssetWriterCoordinator.m; path = PKShortVideoWriter/IDAssetWriterCoordinator.m; sourceTree = "<group>"; };
		88297F8C1C4CE8E30059A7B1 /* PKUtiltiies.h */ = {isa = PBXFileReference; fileEncoding = 4; lastKnownFileType = sourcecode.c.h; name = PKUtiltiies.h; path = PKShortVideoWriter/PKUtiltiies.h; sourceTree = "<group>"; };
		88297F8D1C4CE8E30059A7B1 /* PKUtiltiies.m */ = {isa = PBXFileReference; fileEncoding = 4; lastKnownFileType = sourcecode.c.objc; name = PKUtiltiies.m; path = PKShortVideoWriter/PKUtiltiies.m; sourceTree = "<group>"; };
		88382D381C48C73E00AB8709 /* PKShortVideoProgressBar.h */ = {isa = PBXFileReference; fileEncoding = 4; lastKnownFileType = sourcecode.c.h; name = PKShortVideoProgressBar.h; path = PKShortVideoWriter/PKShortVideoProgressBar.h; sourceTree = "<group>"; };
		88382D391C48C73E00AB8709 /* PKShortVideoProgressBar.m */ = {isa = PBXFileReference; fileEncoding = 4; lastKnownFileType = sourcecode.c.objc; name = PKShortVideoProgressBar.m; path = PKShortVideoWriter/PKShortVideoProgressBar.m; sourceTree = "<group>"; };
		88AA24A61C465AF0001B629F /* DevelopWriterDemo.app */ = {isa = PBXFileReference; explicitFileType = wrapper.application; includeInIndex = 0; path = DevelopWriterDemo.app; sourceTree = BUILT_PRODUCTS_DIR; };
		88AA24AA1C465AF0001B629F /* main.m */ = {isa = PBXFileReference; lastKnownFileType = sourcecode.c.objc; path = main.m; sourceTree = "<group>"; };
		88AA24AC1C465AF0001B629F /* AppDelegate.h */ = {isa = PBXFileReference; lastKnownFileType = sourcecode.c.h; path = AppDelegate.h; sourceTree = "<group>"; };
		88AA24AD1C465AF0001B629F /* AppDelegate.m */ = {isa = PBXFileReference; lastKnownFileType = sourcecode.c.objc; path = AppDelegate.m; sourceTree = "<group>"; };
		88AA24AF1C465AF0001B629F /* ViewController.h */ = {isa = PBXFileReference; lastKnownFileType = sourcecode.c.h; path = ViewController.h; sourceTree = "<group>"; };
		88AA24B01C465AF0001B629F /* ViewController.m */ = {isa = PBXFileReference; lastKnownFileType = sourcecode.c.objc; path = ViewController.m; sourceTree = "<group>"; };
		88AA24B31C465AF0001B629F /* Base */ = {isa = PBXFileReference; lastKnownFileType = file.storyboard; name = Base; path = Base.lproj/Main.storyboard; sourceTree = "<group>"; };
		88AA24B51C465AF0001B629F /* Assets.xcassets */ = {isa = PBXFileReference; lastKnownFileType = folder.assetcatalog; path = Assets.xcassets; sourceTree = "<group>"; };
		88AA24B81C465AF0001B629F /* Base */ = {isa = PBXFileReference; lastKnownFileType = file.storyboard; name = Base; path = Base.lproj/LaunchScreen.storyboard; sourceTree = "<group>"; };
		88AA24BA1C465AF0001B629F /* Info.plist */ = {isa = PBXFileReference; lastKnownFileType = text.plist.xml; path = Info.plist; sourceTree = "<group>"; };
		88AA24BF1C465AF0001B629F /* DevelopWriterDemoTests.xctest */ = {isa = PBXFileReference; explicitFileType = wrapper.cfbundle; includeInIndex = 0; path = DevelopWriterDemoTests.xctest; sourceTree = BUILT_PRODUCTS_DIR; };
		88AA24C31C465AF0001B629F /* DevelopWriterDemoTests.m */ = {isa = PBXFileReference; lastKnownFileType = sourcecode.c.objc; path = DevelopWriterDemoTests.m; sourceTree = "<group>"; };
		88AA24C51C465AF0001B629F /* Info.plist */ = {isa = PBXFileReference; lastKnownFileType = text.plist.xml; path = Info.plist; sourceTree = "<group>"; };
		88AA24CA1C465AF0001B629F /* DevelopWriterDemoUITests.xctest */ = {isa = PBXFileReference; explicitFileType = wrapper.cfbundle; includeInIndex = 0; path = DevelopWriterDemoUITests.xctest; sourceTree = BUILT_PRODUCTS_DIR; };
		88AA24CE1C465AF0001B629F /* DevelopWriterDemoUITests.m */ = {isa = PBXFileReference; lastKnownFileType = sourcecode.c.objc; path = DevelopWriterDemoUITests.m; sourceTree = "<group>"; };
		88AA24D01C465AF0001B629F /* Info.plist */ = {isa = PBXFileReference; lastKnownFileType = text.plist.xml; path = Info.plist; sourceTree = "<group>"; };
/* End PBXFileReference section */

/* Begin PBXFrameworksBuildPhase section */
		88AA24A31C465AF0001B629F /* Frameworks */ = {
			isa = PBXFrameworksBuildPhase;
			buildActionMask = 2147483647;
			files = (
			);
			runOnlyForDeploymentPostprocessing = 0;
		};
		88AA24BC1C465AF0001B629F /* Frameworks */ = {
			isa = PBXFrameworksBuildPhase;
			buildActionMask = 2147483647;
			files = (
			);
			runOnlyForDeploymentPostprocessing = 0;
		};
		88AA24C71C465AF0001B629F /* Frameworks */ = {
			isa = PBXFrameworksBuildPhase;
			buildActionMask = 2147483647;
			files = (
			);
			runOnlyForDeploymentPostprocessing = 0;
		};
/* End PBXFrameworksBuildPhase section */

/* Begin PBXGroup section */
		881096DC1C479FA300A99726 /* YGShortVideoWriter */ = {
			isa = PBXGroup;
			children = (
				881096DD1C47A01900A99726 /* PKShortVideoViewController.h */,
				881096DE1C47A01900A99726 /* PKShortVideoViewController.m */,
				881096E01C47A86B00A99726 /* PKShortVideoWriter.h */,
				881096E11C47A86B00A99726 /* PKShortVideoWriter.m */,
				881828BF1C4CCAF900E9C51B /* IDAssetWriterCoordinator.h */,
				881828C01C4CCAF900E9C51B /* IDAssetWriterCoordinator.m */,
				88382D381C48C73E00AB8709 /* PKShortVideoProgressBar.h */,
				88382D391C48C73E00AB8709 /* PKShortVideoProgressBar.m */,
				88297F8C1C4CE8E30059A7B1 /* PKUtiltiies.h */,
				88297F8D1C4CE8E30059A7B1 /* PKUtiltiies.m */,
			);
			name = YGShortVideoWriter;
			sourceTree = "<group>";
		};
		88AA249D1C465AF0001B629F = {
			isa = PBXGroup;
			children = (
				88AA24A81C465AF0001B629F /* DevelopWriterDemo */,
				88AA24C21C465AF0001B629F /* DevelopWriterDemoTests */,
				88AA24CD1C465AF0001B629F /* DevelopWriterDemoUITests */,
				88AA24A71C465AF0001B629F /* Products */,
			);
			sourceTree = "<group>";
		};
		88AA24A71C465AF0001B629F /* Products */ = {
			isa = PBXGroup;
			children = (
				88AA24A61C465AF0001B629F /* DevelopWriterDemo.app */,
				88AA24BF1C465AF0001B629F /* DevelopWriterDemoTests.xctest */,
				88AA24CA1C465AF0001B629F /* DevelopWriterDemoUITests.xctest */,
			);
			name = Products;
			sourceTree = "<group>";
		};
		88AA24A81C465AF0001B629F /* DevelopWriterDemo */ = {
			isa = PBXGroup;
			children = (
				881096DC1C479FA300A99726 /* YGShortVideoWriter */,
				88AA24AC1C465AF0001B629F /* AppDelegate.h */,
				88AA24AD1C465AF0001B629F /* AppDelegate.m */,
				88AA24AF1C465AF0001B629F /* ViewController.h */,
				88AA24B01C465AF0001B629F /* ViewController.m */,
				88AA24B21C465AF0001B629F /* Main.storyboard */,
				88AA24B51C465AF0001B629F /* Assets.xcassets */,
				88AA24B71C465AF0001B629F /* LaunchScreen.storyboard */,
				88AA24BA1C465AF0001B629F /* Info.plist */,
				88AA24A91C465AF0001B629F /* Supporting Files */,
			);
			path = DevelopWriterDemo;
			sourceTree = "<group>";
		};
		88AA24A91C465AF0001B629F /* Supporting Files */ = {
			isa = PBXGroup;
			children = (
				88AA24AA1C465AF0001B629F /* main.m */,
			);
			name = "Supporting Files";
			sourceTree = "<group>";
		};
		88AA24C21C465AF0001B629F /* DevelopWriterDemoTests */ = {
			isa = PBXGroup;
			children = (
				88AA24C31C465AF0001B629F /* DevelopWriterDemoTests.m */,
				88AA24C51C465AF0001B629F /* Info.plist */,
			);
			path = DevelopWriterDemoTests;
			sourceTree = "<group>";
		};
		88AA24CD1C465AF0001B629F /* DevelopWriterDemoUITests */ = {
			isa = PBXGroup;
			children = (
				88AA24CE1C465AF0001B629F /* DevelopWriterDemoUITests.m */,
				88AA24D01C465AF0001B629F /* Info.plist */,
			);
			path = DevelopWriterDemoUITests;
			sourceTree = "<group>";
		};
/* End PBXGroup section */

/* Begin PBXNativeTarget section */
		88AA24A51C465AF0001B629F /* DevelopWriterDemo */ = {
			isa = PBXNativeTarget;
			buildConfigurationList = 88AA24D31C465AF0001B629F /* Build configuration list for PBXNativeTarget "DevelopWriterDemo" */;
			buildPhases = (
				88AA24A21C465AF0001B629F /* Sources */,
				88AA24A31C465AF0001B629F /* Frameworks */,
				88AA24A41C465AF0001B629F /* Resources */,
			);
			buildRules = (
			);
			dependencies = (
			);
			name = DevelopWriterDemo;
			productName = DevelopWriterDemo;
			productReference = 88AA24A61C465AF0001B629F /* DevelopWriterDemo.app */;
			productType = "com.apple.product-type.application";
		};
		88AA24BE1C465AF0001B629F /* DevelopWriterDemoTests */ = {
			isa = PBXNativeTarget;
			buildConfigurationList = 88AA24D61C465AF0001B629F /* Build configuration list for PBXNativeTarget "DevelopWriterDemoTests" */;
			buildPhases = (
				88AA24BB1C465AF0001B629F /* Sources */,
				88AA24BC1C465AF0001B629F /* Frameworks */,
				88AA24BD1C465AF0001B629F /* Resources */,
			);
			buildRules = (
			);
			dependencies = (
				88AA24C11C465AF0001B629F /* PBXTargetDependency */,
			);
			name = DevelopWriterDemoTests;
			productName = DevelopWriterDemoTests;
			productReference = 88AA24BF1C465AF0001B629F /* DevelopWriterDemoTests.xctest */;
			productType = "com.apple.product-type.bundle.unit-test";
		};
		88AA24C91C465AF0001B629F /* DevelopWriterDemoUITests */ = {
			isa = PBXNativeTarget;
			buildConfigurationList = 88AA24D91C465AF0001B629F /* Build configuration list for PBXNativeTarget "DevelopWriterDemoUITests" */;
			buildPhases = (
				88AA24C61C465AF0001B629F /* Sources */,
				88AA24C71C465AF0001B629F /* Frameworks */,
				88AA24C81C465AF0001B629F /* Resources */,
			);
			buildRules = (
			);
			dependencies = (
				88AA24CC1C465AF0001B629F /* PBXTargetDependency */,
			);
			name = DevelopWriterDemoUITests;
			productName = DevelopWriterDemoUITests;
			productReference = 88AA24CA1C465AF0001B629F /* DevelopWriterDemoUITests.xctest */;
			productType = "com.apple.product-type.bundle.ui-testing";
		};
/* End PBXNativeTarget section */

/* Begin PBXProject section */
		88AA249E1C465AF0001B629F /* Project object */ = {
			isa = PBXProject;
			attributes = {
				LastUpgradeCheck = 0720;
				ORGANIZATIONNAME = pepsikirk;
				TargetAttributes = {
					88AA24A51C465AF0001B629F = {
						CreatedOnToolsVersion = 7.2;
					};
					88AA24BE1C465AF0001B629F = {
						CreatedOnToolsVersion = 7.2;
						TestTargetID = 88AA24A51C465AF0001B629F;
					};
					88AA24C91C465AF0001B629F = {
						CreatedOnToolsVersion = 7.2;
						TestTargetID = 88AA24A51C465AF0001B629F;
					};
				};
			};
			buildConfigurationList = 88AA24A11C465AF0001B629F /* Build configuration list for PBXProject "DevelopWriterDemo" */;
			compatibilityVersion = "Xcode 3.2";
			developmentRegion = English;
			hasScannedForEncodings = 0;
			knownRegions = (
				en,
				Base,
			);
			mainGroup = 88AA249D1C465AF0001B629F;
			productRefGroup = 88AA24A71C465AF0001B629F /* Products */;
			projectDirPath = "";
			projectRoot = "";
			targets = (
				88AA24A51C465AF0001B629F /* DevelopWriterDemo */,
				88AA24BE1C465AF0001B629F /* DevelopWriterDemoTests */,
				88AA24C91C465AF0001B629F /* DevelopWriterDemoUITests */,
			);
		};
/* End PBXProject section */

/* Begin PBXResourcesBuildPhase section */
		88AA24A41C465AF0001B629F /* Resources */ = {
			isa = PBXResourcesBuildPhase;
			buildActionMask = 2147483647;
			files = (
				88AA24B91C465AF0001B629F /* LaunchScreen.storyboard in Resources */,
				88AA24B61C465AF0001B629F /* Assets.xcassets in Resources */,
				88AA24B41C465AF0001B629F /* Main.storyboard in Resources */,
			);
			runOnlyForDeploymentPostprocessing = 0;
		};
		88AA24BD1C465AF0001B629F /* Resources */ = {
			isa = PBXResourcesBuildPhase;
			buildActionMask = 2147483647;
			files = (
			);
			runOnlyForDeploymentPostprocessing = 0;
		};
		88AA24C81C465AF0001B629F /* Resources */ = {
			isa = PBXResourcesBuildPhase;
			buildActionMask = 2147483647;
			files = (
			);
			runOnlyForDeploymentPostprocessing = 0;
		};
/* End PBXResourcesBuildPhase section */

/* Begin PBXSourcesBuildPhase section */
		88AA24A21C465AF0001B629F /* Sources */ = {
			isa = PBXSourcesBuildPhase;
			buildActionMask = 2147483647;
			files = (
				881096DF1C47A01900A99726 /* PKShortVideoViewController.m in Sources */,
				88AA24B11C465AF0001B629F /* ViewController.m in Sources */,
				88AA24AE1C465AF0001B629F /* AppDelegate.m in Sources */,
				881828C11C4CCAF900E9C51B /* IDAssetWriterCoordinator.m in Sources */,
				88AA24AB1C465AF0001B629F /* main.m in Sources */,
				88382D3A1C48C73E00AB8709 /* PKShortVideoProgressBar.m in Sources */,
				88297F8E1C4CE8E30059A7B1 /* PKUtiltiies.m in Sources */,
				881096E21C47A86B00A99726 /* PKShortVideoWriter.m in Sources */,
			);
			runOnlyForDeploymentPostprocessing = 0;
		};
		88AA24BB1C465AF0001B629F /* Sources */ = {
			isa = PBXSourcesBuildPhase;
			buildActionMask = 2147483647;
			files = (
				88AA24C41C465AF0001B629F /* DevelopWriterDemoTests.m in Sources */,
			);
			runOnlyForDeploymentPostprocessing = 0;
		};
		88AA24C61C465AF0001B629F /* Sources */ = {
			isa = PBXSourcesBuildPhase;
			buildActionMask = 2147483647;
			files = (
				88AA24CF1C465AF0001B629F /* DevelopWriterDemoUITests.m in Sources */,
			);
			runOnlyForDeploymentPostprocessing = 0;
		};
/* End PBXSourcesBuildPhase section */

/* Begin PBXTargetDependency section */
		88AA24C11C465AF0001B629F /* PBXTargetDependency */ = {
			isa = PBXTargetDependency;
			target = 88AA24A51C465AF0001B629F /* DevelopWriterDemo */;
			targetProxy = 88AA24C01C465AF0001B629F /* PBXContainerItemProxy */;
		};
		88AA24CC1C465AF0001B629F /* PBXTargetDependency */ = {
			isa = PBXTargetDependency;
			target = 88AA24A51C465AF0001B629F /* DevelopWriterDemo */;
			targetProxy = 88AA24CB1C465AF0001B629F /* PBXContainerItemProxy */;
		};
/* End PBXTargetDependency section */

/* Begin PBXVariantGroup section */
		88AA24B21C465AF0001B629F /* Main.storyboard */ = {
			isa = PBXVariantGroup;
			children = (
				88AA24B31C465AF0001B629F /* Base */,
			);
			name = Main.storyboard;
			sourceTree = "<group>";
		};
		88AA24B71C465AF0001B629F /* LaunchScreen.storyboard */ = {
			isa = PBXVariantGroup;
			children = (
				88AA24B81C465AF0001B629F /* Base */,
			);
			name = LaunchScreen.storyboard;
			sourceTree = "<group>";
		};
/* End PBXVariantGroup section */

/* Begin XCBuildConfiguration section */
		88AA24D11C465AF0001B629F /* Debug */ = {
			isa = XCBuildConfiguration;
			buildSettings = {
				ALWAYS_SEARCH_USER_PATHS = NO;
				CLANG_CXX_LANGUAGE_STANDARD = "gnu++0x";
				CLANG_CXX_LIBRARY = "libc++";
				CLANG_ENABLE_MODULES = YES;
				CLANG_ENABLE_OBJC_ARC = YES;
				CLANG_WARN_BOOL_CONVERSION = YES;
				CLANG_WARN_CONSTANT_CONVERSION = YES;
				CLANG_WARN_DIRECT_OBJC_ISA_USAGE = YES_ERROR;
				CLANG_WARN_EMPTY_BODY = YES;
				CLANG_WARN_ENUM_CONVERSION = YES;
				CLANG_WARN_INT_CONVERSION = YES;
				CLANG_WARN_OBJC_ROOT_CLASS = YES_ERROR;
				CLANG_WARN_UNREACHABLE_CODE = YES;
				CLANG_WARN__DUPLICATE_METHOD_MATCH = YES;
				"CODE_SIGN_IDENTITY[sdk=iphoneos*]" = "iPhone Developer";
				COPY_PHASE_STRIP = NO;
				DEBUG_INFORMATION_FORMAT = dwarf;
				ENABLE_STRICT_OBJC_MSGSEND = YES;
				ENABLE_TESTABILITY = YES;
				GCC_C_LANGUAGE_STANDARD = gnu99;
				GCC_DYNAMIC_NO_PIC = NO;
				GCC_NO_COMMON_BLOCKS = YES;
				GCC_OPTIMIZATION_LEVEL = 0;
				GCC_PREPROCESSOR_DEFINITIONS = (
					"DEBUG=1",
					"$(inherited)",
				);
				GCC_WARN_64_TO_32_BIT_CONVERSION = YES;
				GCC_WARN_ABOUT_RETURN_TYPE = YES_ERROR;
				GCC_WARN_UNDECLARED_SELECTOR = YES;
				GCC_WARN_UNINITIALIZED_AUTOS = YES_AGGRESSIVE;
				GCC_WARN_UNUSED_FUNCTION = YES;
				GCC_WARN_UNUSED_VARIABLE = YES;
				IPHONEOS_DEPLOYMENT_TARGET = 9.2;
				MTL_ENABLE_DEBUG_INFO = YES;
				ONLY_ACTIVE_ARCH = YES;
				SDKROOT = iphoneos;
			};
			name = Debug;
		};
		88AA24D21C465AF0001B629F /* Release */ = {
			isa = XCBuildConfiguration;
			buildSettings = {
				ALWAYS_SEARCH_USER_PATHS = NO;
				CLANG_CXX_LANGUAGE_STANDARD = "gnu++0x";
				CLANG_CXX_LIBRARY = "libc++";
				CLANG_ENABLE_MODULES = YES;
				CLANG_ENABLE_OBJC_ARC = YES;
				CLANG_WARN_BOOL_CONVERSION = YES;
				CLANG_WARN_CONSTANT_CONVERSION = YES;
				CLANG_WARN_DIRECT_OBJC_ISA_USAGE = YES_ERROR;
				CLANG_WARN_EMPTY_BODY = YES;
				CLANG_WARN_ENUM_CONVERSION = YES;
				CLANG_WARN_INT_CONVERSION = YES;
				CLANG_WARN_OBJC_ROOT_CLASS = YES_ERROR;
				CLANG_WARN_UNREACHABLE_CODE = YES;
				CLANG_WARN__DUPLICATE_METHOD_MATCH = YES;
				"CODE_SIGN_IDENTITY[sdk=iphoneos*]" = "iPhone Developer";
				COPY_PHASE_STRIP = NO;
				DEBUG_INFORMATION_FORMAT = "dwarf-with-dsym";
				ENABLE_NS_ASSERTIONS = NO;
				ENABLE_STRICT_OBJC_MSGSEND = YES;
				GCC_C_LANGUAGE_STANDARD = gnu99;
				GCC_NO_COMMON_BLOCKS = YES;
				GCC_WARN_64_TO_32_BIT_CONVERSION = YES;
				GCC_WARN_ABOUT_RETURN_TYPE = YES_ERROR;
				GCC_WARN_UNDECLARED_SELECTOR = YES;
				GCC_WARN_UNINITIALIZED_AUTOS = YES_AGGRESSIVE;
				GCC_WARN_UNUSED_FUNCTION = YES;
				GCC_WARN_UNUSED_VARIABLE = YES;
				IPHONEOS_DEPLOYMENT_TARGET = 9.2;
				MTL_ENABLE_DEBUG_INFO = NO;
				SDKROOT = iphoneos;
				VALIDATE_PRODUCT = YES;
			};
			name = Release;
		};
		88AA24D41C465AF0001B629F /* Debug */ = {
			isa = XCBuildConfiguration;
			buildSettings = {
				ASSETCATALOG_COMPILER_APPICON_NAME = AppIcon;
				INFOPLIST_FILE = DevelopWriterDemo/Info.plist;
				IPHONEOS_DEPLOYMENT_TARGET = 7.0;
				LD_RUNPATH_SEARCH_PATHS = "$(inherited) @executable_path/Frameworks";
				PRODUCT_BUNDLE_IDENTIFIER = com.pepsikirk.DevelopWriterDemo;
				PRODUCT_NAME = "$(TARGET_NAME)";
			};
			name = Debug;
		};
		88AA24D51C465AF0001B629F /* Release */ = {
			isa = XCBuildConfiguration;
			buildSettings = {
				ASSETCATALOG_COMPILER_APPICON_NAME = AppIcon;
				INFOPLIST_FILE = DevelopWriterDemo/Info.plist;
				IPHONEOS_DEPLOYMENT_TARGET = 7.0;
				LD_RUNPATH_SEARCH_PATHS = "$(inherited) @executable_path/Frameworks";
				PRODUCT_BUNDLE_IDENTIFIER = com.pepsikirk.DevelopWriterDemo;
				PRODUCT_NAME = "$(TARGET_NAME)";
			};
			name = Release;
		};
		88AA24D71C465AF0001B629F /* Debug */ = {
			isa = XCBuildConfiguration;
			buildSettings = {
				BUNDLE_LOADER = "$(TEST_HOST)";
				INFOPLIST_FILE = DevelopWriterDemoTests/Info.plist;
				LD_RUNPATH_SEARCH_PATHS = "$(inherited) @executable_path/Frameworks @loader_path/Frameworks";
				PRODUCT_BUNDLE_IDENTIFIER = com.pepsikirk.DevelopWriterDemoTests;
				PRODUCT_NAME = "$(TARGET_NAME)";
				TEST_HOST = "$(BUILT_PRODUCTS_DIR)/DevelopWriterDemo.app/DevelopWriterDemo";
			};
			name = Debug;
		};
		88AA24D81C465AF0001B629F /* Release */ = {
			isa = XCBuildConfiguration;
			buildSettings = {
				BUNDLE_LOADER = "$(TEST_HOST)";
				INFOPLIST_FILE = DevelopWriterDemoTests/Info.plist;
				LD_RUNPATH_SEARCH_PATHS = "$(inherited) @executable_path/Frameworks @loader_path/Frameworks";
				PRODUCT_BUNDLE_IDENTIFIER = com.pepsikirk.DevelopWriterDemoTests;
				PRODUCT_NAME = "$(TARGET_NAME)";
				TEST_HOST = "$(BUILT_PRODUCTS_DIR)/DevelopWriterDemo.app/DevelopWriterDemo";
			};
			name = Release;
		};
		88AA24DA1C465AF0001B629F /* Debug */ = {
			isa = XCBuildConfiguration;
			buildSettings = {
				INFOPLIST_FILE = DevelopWriterDemoUITests/Info.plist;
				LD_RUNPATH_SEARCH_PATHS = "$(inherited) @executable_path/Frameworks @loader_path/Frameworks";
				PRODUCT_BUNDLE_IDENTIFIER = com.pepsikirk.DevelopWriterDemoUITests;
				PRODUCT_NAME = "$(TARGET_NAME)";
				TEST_TARGET_NAME = DevelopWriterDemo;
				USES_XCTRUNNER = YES;
			};
			name = Debug;
		};
		88AA24DB1C465AF0001B629F /* Release */ = {
			isa = XCBuildConfiguration;
			buildSettings = {
				INFOPLIST_FILE = DevelopWriterDemoUITests/Info.plist;
				LD_RUNPATH_SEARCH_PATHS = "$(inherited) @executable_path/Frameworks @loader_path/Frameworks";
				PRODUCT_BUNDLE_IDENTIFIER = com.pepsikirk.DevelopWriterDemoUITests;
				PRODUCT_NAME = "$(TARGET_NAME)";
				TEST_TARGET_NAME = DevelopWriterDemo;
				USES_XCTRUNNER = YES;
			};
			name = Release;
		};
/* End XCBuildConfiguration section */

/* Begin XCConfigurationList section */
		88AA24A11C465AF0001B629F /* Build configuration list for PBXProject "DevelopWriterDemo" */ = {
			isa = XCConfigurationList;
			buildConfigurations = (
				88AA24D11C465AF0001B629F /* Debug */,
				88AA24D21C465AF0001B629F /* Release */,
			);
			defaultConfigurationIsVisible = 0;
			defaultConfigurationName = Release;
		};
		88AA24D31C465AF0001B629F /* Build configuration list for PBXNativeTarget "DevelopWriterDemo" */ = {
			isa = XCConfigurationList;
			buildConfigurations = (
				88AA24D41C465AF0001B629F /* Debug */,
				88AA24D51C465AF0001B629F /* Release */,
			);
			defaultConfigurationIsVisible = 0;
			defaultConfigurationName = Release;
		};
		88AA24D61C465AF0001B629F /* Build configuration list for PBXNativeTarget "DevelopWriterDemoTests" */ = {
			isa = XCConfigurationList;
			buildConfigurations = (
				88AA24D71C465AF0001B629F /* Debug */,
				88AA24D81C465AF0001B629F /* Release */,
			);
			defaultConfigurationIsVisible = 0;
			defaultConfigurationName = Release;
		};
		88AA24D91C465AF0001B629F /* Build configuration list for PBXNativeTarget "DevelopWriterDemoUITests" */ = {
			isa = XCConfigurationList;
			buildConfigurations = (
				88AA24DA1C465AF0001B629F /* Debug */,
				88AA24DB1C465AF0001B629F /* Release */,
			);
			defaultConfigurationIsVisible = 0;
			defaultConfigurationName = Release;
		};
/* End XCConfigurationList section */
	};
	rootObject = 88AA249E1C465AF0001B629F /* Project object */;
}
